
Microsoft Visual Studio Solution File, Format Version 12.00
# Visual Studio 14
VisualStudioVersion = 14.0.25420.1
MinimumVisualStudioVersion = 10.0.40219.1
Project("{2150E333-8FDC-42A3-9474-1A3956D46DE8}") = "src", "src", "{178524B8-C1AA-473B-8A37-5930064B8ABC}"
EndProject
Project("{2150E333-8FDC-42A3-9474-1A3956D46DE8}") = "Solution Items", "Solution Items", "{A16EC73B-9430-4F64-8BC4-5F4F489D5114}"
	ProjectSection(SolutionItems) = preProject
		global.json = global.json
	EndProjectSection
EndProject
Project("{8BB2217D-0F2D-49D1-97BC-3654ED321F3B}") = "Nuget.NetCore.TestPackage", "src\Nuget.NetCore.TestPackage\Nuget.NetCore.TestPackage.xproj", "{DA08E4E1-8236-4F4F-AB7D-E7066D3CABBD}"
EndProject
Project("{2150E333-8FDC-42A3-9474-1A3956D46DE8}") = ".build", ".build", "{B47E7FD9-51E4-4E20-BFC6-96BAA5D1AA6D}"
	ProjectSection(SolutionItems) = preProject
		.appveyor.yml = .appveyor.yml
		.build\build.ps1 = .build\build.ps1
	EndProjectSection
EndProject
Project("{2150E333-8FDC-42A3-9474-1A3956D46DE8}") = ".github", ".github", "{FD008AE6-C330-4F89-8027-54DF71D69C77}"
EndProject
Project("{2150E333-8FDC-42A3-9474-1A3956D46DE8}") = ".nuget", ".nuget", "{F040C4A0-2111-4032-A7E2-F03147BE8FCF}"
EndProject
Global
	GlobalSection(SolutionConfigurationPlatforms) = preSolution
		Debug|Any CPU = Debug|Any CPU
		Release|Any CPU = Release|Any CPU
	EndGlobalSection
	GlobalSection(ProjectConfigurationPlatforms) = postSolution
		{DA08E4E1-8236-4F4F-AB7D-E7066D3CABBD}.Debug|Any CPU.ActiveCfg = Debug|Any CPU
		{DA08E4E1-8236-4F4F-AB7D-E7066D3CABBD}.Debug|Any CPU.Build.0 = Debug|Any CPU
		{DA08E4E1-8236-4F4F-AB7D-E7066D3CABBD}.Release|Any CPU.ActiveCfg = Release|Any CPU
		{DA08E4E1-8236-4F4F-AB7D-E7066D3CABBD}.Release|Any CPU.Build.0 = Release|Any CPU
	EndGlobalSection
	GlobalSection(SolutionProperties) = preSolution
		HideSolutionNode = FALSE
	EndGlobalSection
	GlobalSection(NestedProjects) = preSolution
		{DA08E4E1-8236-4F4F-AB7D-E7066D3CABBD} = {178524B8-C1AA-473B-8A37-5930064B8ABC}
		{B47E7FD9-51E4-4E20-BFC6-96BAA5D1AA6D} = {A16EC73B-9430-4F64-8BC4-5F4F489D5114}
		{FD008AE6-C330-4F89-8027-54DF71D69C77} = {A16EC73B-9430-4F64-8BC4-5F4F489D5114}
		{F040C4A0-2111-4032-A7E2-F03147BE8FCF} = {A16EC73B-9430-4F64-8BC4-5F4F489D5114}
	EndGlobalSection
EndGlobal
